
Microsoft Visual Studio Solution File, Format Version 12.00
# Visual Studio Version 17
VisualStudioVersion = 17.8.34330.188
MinimumVisualStudioVersion = 10.0.40219.1
Project("{9A19103F-16F7-4668-BE54-9A1E7A4F7556}") = "EmailService", "EmailService.csproj", "{8B4AA4A7-0447-41C7-8D63-97EEE4B68FA6}"
EndProject
Global
	GlobalSection(SolutionConfigurationPlatforms) = preSolution
		Debug|Any CPU = Debug|Any CPU
		Release|Any CPU = Release|Any CPU
	EndGlobalSection
	GlobalSection(ProjectConfigurationPlatforms) = postSolution
		{8B4AA4A7-0447-41C7-8D63-97EEE4B68FA6}.Debug|Any CPU.ActiveCfg = Debug|Any CPU
		{8B4AA4A7-0447-41C7-8D63-97EEE4B68FA6}.Debug|Any CPU.Build.0 = Debug|Any CPU
		{8B4AA4A7-0447-41C7-8D63-97EEE4B68FA6}.Release|Any CPU.ActiveCfg = Release|Any CPU
		{8B4AA4A7-0447-41C7-8D63-97EEE4B68FA6}.Release|Any CPU.Build.0 = Release|Any CPU
	EndGlobalSection
	GlobalSection(SolutionProperties) = preSolution
		HideSolutionNode = FALSE
	EndGlobalSection
	GlobalSection(ExtensibilityGlobals) = postSolution
		SolutionGuid = {E83BC72C-F521-4D82-BA1E-83E3614F512A}
	EndGlobalSection
EndGlobal
