
Microsoft Visual Studio Solution File, Format Version 12.00
# Visual Studio Version 17
VisualStudioVersion = 17.0.31903.59
MinimumVisualStudioVersion = 10.0.40219.1
Project("{9A19103F-16F7-4668-BE54-9A1E7A4F7556}") = "EmailService", "EmailService\EmailService.csproj", "{5DE49B26-523C-4489-9DD3-37FE7D4D69DD}"
EndProject
Project("{9A19103F-16F7-4668-BE54-9A1E7A4F7556}") = "Authentications", "Authentications\Authentications.csproj", "{D149FDF6-B6BE-48BD-B6F4-ECB153A660C4}"
EndProject
Project("{9A19103F-16F7-4668-BE54-9A1E7A4F7556}") = "Arts", "Arts\Arts.csproj", "{BFB2FAF1-6CE7-4B8E-85AE-C7F2F9D1CE78}"
EndProject
Project("{9A19103F-16F7-4668-BE54-9A1E7A4F7556}") = "BidService", "BidService\BidService.csproj", "{0DC347E7-F087-433E-9E84-CDEA0D45D00C}"
EndProject
Project("{9A19103F-16F7-4668-BE54-9A1E7A4F7556}") = "OrderService", "OrderService\OrderService.csproj", "{AA9944C1-02A3-4E29-8A66-5B6CCA0F6184}"
EndProject
Global
	GlobalSection(SolutionConfigurationPlatforms) = preSolution
		Debug|Any CPU = Debug|Any CPU
		Release|Any CPU = Release|Any CPU
	EndGlobalSection
	GlobalSection(ProjectConfigurationPlatforms) = postSolution
		{5DE49B26-523C-4489-9DD3-37FE7D4D69DD}.Debug|Any CPU.ActiveCfg = Debug|Any CPU
		{5DE49B26-523C-4489-9DD3-37FE7D4D69DD}.Debug|Any CPU.Build.0 = Debug|Any CPU
		{5DE49B26-523C-4489-9DD3-37FE7D4D69DD}.Release|Any CPU.ActiveCfg = Release|Any CPU
		{5DE49B26-523C-4489-9DD3-37FE7D4D69DD}.Release|Any CPU.Build.0 = Release|Any CPU
		{D149FDF6-B6BE-48BD-B6F4-ECB153A660C4}.Debug|Any CPU.ActiveCfg = Debug|Any CPU
		{D149FDF6-B6BE-48BD-B6F4-ECB153A660C4}.Debug|Any CPU.Build.0 = Debug|Any CPU
		{D149FDF6-B6BE-48BD-B6F4-ECB153A660C4}.Release|Any CPU.ActiveCfg = Release|Any CPU
		{D149FDF6-B6BE-48BD-B6F4-ECB153A660C4}.Release|Any CPU.Build.0 = Release|Any CPU
		{BFB2FAF1-6CE7-4B8E-85AE-C7F2F9D1CE78}.Debug|Any CPU.ActiveCfg = Debug|Any CPU
		{BFB2FAF1-6CE7-4B8E-85AE-C7F2F9D1CE78}.Debug|Any CPU.Build.0 = Debug|Any CPU
		{BFB2FAF1-6CE7-4B8E-85AE-C7F2F9D1CE78}.Release|Any CPU.ActiveCfg = Release|Any CPU
		{BFB2FAF1-6CE7-4B8E-85AE-C7F2F9D1CE78}.Release|Any CPU.Build.0 = Release|Any CPU
		{0DC347E7-F087-433E-9E84-CDEA0D45D00C}.Debug|Any CPU.ActiveCfg = Debug|Any CPU
		{0DC347E7-F087-433E-9E84-CDEA0D45D00C}.Debug|Any CPU.Build.0 = Debug|Any CPU
		{0DC347E7-F087-433E-9E84-CDEA0D45D00C}.Release|Any CPU.ActiveCfg = Release|Any CPU
		{0DC347E7-F087-433E-9E84-CDEA0D45D00C}.Release|Any CPU.Build.0 = Release|Any CPU
		{AA9944C1-02A3-4E29-8A66-5B6CCA0F6184}.Debug|Any CPU.ActiveCfg = Debug|Any CPU
		{AA9944C1-02A3-4E29-8A66-5B6CCA0F6184}.Debug|Any CPU.Build.0 = Debug|Any CPU
		{AA9944C1-02A3-4E29-8A66-5B6CCA0F6184}.Release|Any CPU.ActiveCfg = Release|Any CPU
		{AA9944C1-02A3-4E29-8A66-5B6CCA0F6184}.Release|Any CPU.Build.0 = Release|Any CPU
	EndGlobalSection
	GlobalSection(SolutionProperties) = preSolution
		HideSolutionNode = FALSE
	EndGlobalSection
	GlobalSection(ExtensibilityGlobals) = postSolution
		SolutionGuid = {D64B4105-AE25-4D9B-80B2-275B39AECADD}
	EndGlobalSection
EndGlobal
